
Microsoft Visual Studio Solution File, Format Version 12.00
# Visual Studio Version 17
VisualStudioVersion = 17.11.35219.272
MinimumVisualStudioVersion = 10.0.40219.1
Project("{FAE04EC0-301F-11D3-BF4B-00C04F79EFBC}") = "dotnet_secret_management", "dotnet_secret_management.csproj", "{0EF90187-2649-4021-95D1-83CB81DE27FA}"
EndProject
Global
	GlobalSection(SolutionConfigurationPlatforms) = preSolution
		Debug|Any CPU = Debug|Any CPU
		Release|Any CPU = Release|Any CPU
	EndGlobalSection
	GlobalSection(ProjectConfigurationPlatforms) = postSolution
		{0EF90187-2649-4021-95D1-83CB81DE27FA}.Debug|Any CPU.ActiveCfg = Debug|Any CPU
		{0EF90187-2649-4021-95D1-83CB81DE27FA}.Debug|Any CPU.Build.0 = Debug|Any CPU
		{0EF90187-2649-4021-95D1-83CB81DE27FA}.Release|Any CPU.ActiveCfg = Release|Any CPU
		{0EF90187-2649-4021-95D1-83CB81DE27FA}.Release|Any CPU.Build.0 = Release|Any CPU
	EndGlobalSection
	GlobalSection(SolutionProperties) = preSolution
		HideSolutionNode = FALSE
	EndGlobalSection
	GlobalSection(ExtensibilityGlobals) = postSolution
		SolutionGuid = {52B6912D-FCD2-41BD-8266-2B925504BE3E}
	EndGlobalSection
EndGlobal
